schema: '2.0'
stages:
  data_ingestion:
    cmd: python src/DeepClassifier/pipeline/stage_01_data_ingestion.py
    deps:
    - path: configs/config.yaml
      hash: md5
      md5: dc29a796a38a808cf94ba6e7bf32d0c7
      size: 831
    - path: src/DeepClassifier/pipeline/stage_01_data_ingestion.py
      hash: md5
      md5: 88eab098fef3dedb0e660dcf05644142
      size: 782
    outs:
    - path: artifacts/data_ingestion/PetImages
      hash: md5
      md5: 3a5cf86541f22c236620ce5b952ad684.dir
      size: 848866410
      nfiles: 24998
